
Microsoft Visual Studio Solution File, Format Version 12.00
# Visual Studio Version 17
VisualStudioVersion = 17.4.33213.308
MinimumVisualStudioVersion = 10.0.40219.1
Project("{FAE04EC0-301F-11D3-BF4B-00C04F79EFBC}") = "AbstractionExample_Feb02", "AbstractionExample_Feb02\AbstractionExample_Feb02.csproj", "{50FADE83-0279-4C6B-AF66-313659B49CBF}"
EndProject
Global
	GlobalSection(SolutionConfigurationPlatforms) = preSolution
		Debug|Any CPU = Debug|Any CPU
		Release|Any CPU = Release|Any CPU
	EndGlobalSection
	GlobalSection(ProjectConfigurationPlatforms) = postSolution
		{50FADE83-0279-4C6B-AF66-313659B49CBF}.Debug|Any CPU.ActiveCfg = Debug|Any CPU
		{50FADE83-0279-4C6B-AF66-313659B49CBF}.Debug|Any CPU.Build.0 = Debug|Any CPU
		{50FADE83-0279-4C6B-AF66-313659B49CBF}.Release|Any CPU.ActiveCfg = Release|Any CPU
		{50FADE83-0279-4C6B-AF66-313659B49CBF}.Release|Any CPU.Build.0 = Release|Any CPU
	EndGlobalSection
	GlobalSection(SolutionProperties) = preSolution
		HideSolutionNode = FALSE
	EndGlobalSection
	GlobalSection(ExtensibilityGlobals) = postSolution
		SolutionGuid = {98431EDD-3FB4-46C8-9B53-FC41E985CBD7}
	EndGlobalSection
EndGlobal
