
Microsoft Visual Studio Solution File, Format Version 12.00
# Visual Studio Version 17
VisualStudioVersion = 17.4.33213.308
MinimumVisualStudioVersion = 10.0.40219.1
Project("{FAE04EC0-301F-11D3-BF4B-00C04F79EFBC}") = "DelegateEx_Feb08", "DelegateEx_Feb08\DelegateEx_Feb08.csproj", "{BBEA15EB-ED69-4B02-A2CD-D3A425C04822}"
EndProject
Global
	GlobalSection(SolutionConfigurationPlatforms) = preSolution
		Debug|Any CPU = Debug|Any CPU
		Release|Any CPU = Release|Any CPU
	EndGlobalSection
	GlobalSection(ProjectConfigurationPlatforms) = postSolution
		{BBEA15EB-ED69-4B02-A2CD-D3A425C04822}.Debug|Any CPU.ActiveCfg = Debug|Any CPU
		{BBEA15EB-ED69-4B02-A2CD-D3A425C04822}.Debug|Any CPU.Build.0 = Debug|Any CPU
		{BBEA15EB-ED69-4B02-A2CD-D3A425C04822}.Release|Any CPU.ActiveCfg = Release|Any CPU
		{BBEA15EB-ED69-4B02-A2CD-D3A425C04822}.Release|Any CPU.Build.0 = Release|Any CPU
	EndGlobalSection
	GlobalSection(SolutionProperties) = preSolution
		HideSolutionNode = FALSE
	EndGlobalSection
	GlobalSection(ExtensibilityGlobals) = postSolution
		SolutionGuid = {193F4D78-8DA4-4247-A263-BDD016DE3171}
	EndGlobalSection
EndGlobal
